{
  "name": "webdatarocks-1.4.15",
  "lockfileVersion": 3,
  "requires": true,
  "packages": {
    "": {
      "dependencies": {
        "@webdatarocks/webdatarocks": "^1.4.15"
      }
    },
    "node_modules/@webdatarocks/webdatarocks": {
      "version": "1.4.15",
      "resolved": "https://registry.npmjs.org/@webdatarocks/webdatarocks/-/webdatarocks-1.4.15.tgz",
      "integrity": "sha512-MpyZYgksVjiyJ0Vydg+7oeHfVZuoaaWou00WHB+58Vu2Nbw8pj3aeYTkwSFk2NYFdzGQRTE/JW+G8FAz+docaw==",
      "license": "https://webdatarocks.com/license-agreement/"
    }
  }
}
